
Microsoft Visual Studio Solution File, Format Version 12.00
# Visual Studio Version 17
VisualStudioVersion = 17.0.32112.339
MinimumVisualStudioVersion = 10.0.40219.1
Project("{FAE04EC0-301F-11D3-BF4B-00C04F79EFBC}") = "CarRentalApp", "CarRentalApp\CarRentalApp.csproj", "{1457FA06-EEE5-434C-8588-ABEFA1129B34}"
EndProject
Global
	GlobalSection(SolutionConfigurationPlatforms) = preSolution
		Debug|Any CPU = Debug|Any CPU
		Release|Any CPU = Release|Any CPU
	EndGlobalSection
	GlobalSection(ProjectConfigurationPlatforms) = postSolution
		{1457FA06-EEE5-434C-8588-ABEFA1129B34}.Debug|Any CPU.ActiveCfg = Debug|Any CPU
		{1457FA06-EEE5-434C-8588-ABEFA1129B34}.Debug|Any CPU.Build.0 = Debug|Any CPU
		{1457FA06-EEE5-434C-8588-ABEFA1129B34}.Release|Any CPU.ActiveCfg = Release|Any CPU
		{1457FA06-EEE5-434C-8588-ABEFA1129B34}.Release|Any CPU.Build.0 = Release|Any CPU
	EndGlobalSection
	GlobalSection(SolutionProperties) = preSolution
		HideSolutionNode = FALSE
	EndGlobalSection
	GlobalSection(ExtensibilityGlobals) = postSolution
		SolutionGuid = {BA3DA4D6-D087-410F-9F0F-015C217FADCB}
	EndGlobalSection
EndGlobal
